
Microsoft Visual Studio Solution File, Format Version 12.00
# Visual Studio Version 17
VisualStudioVersion = 17.2.32526.322
MinimumVisualStudioVersion = 10.0.40219.1
Project("{FAE04EC0-301F-11D3-BF4B-00C04F79EFBC}") = "ProjetFinal", "ProjetFinal.csproj", "{F906DF2C-6735-4E46-94F2-29E77162608F}"
EndProject
Project("{9A19103F-16F7-4668-BE54-9A1E7A4F7556}") = "UnitTest.Tests", "..\UnitTest.Tests\UnitTest.Tests.csproj", "{D3AD60AC-58B4-4DF6-A300-718544D7C1A3}"
EndProject
Project("{54435603-DBB4-11D2-8724-00A0C9A8B90C}") = "Setup_HotelLune", "..\Setup_HotelLune\Setup_HotelLune.vdproj", "{B1AF7254-48DB-4E75-828E-69FF3297606A}"
EndProject
Global
	GlobalSection(SolutionConfigurationPlatforms) = preSolution
		Debug|Any CPU = Debug|Any CPU
		Release|Any CPU = Release|Any CPU
	EndGlobalSection
	GlobalSection(ProjectConfigurationPlatforms) = postSolution
		{F906DF2C-6735-4E46-94F2-29E77162608F}.Debug|Any CPU.ActiveCfg = Debug|Any CPU
		{F906DF2C-6735-4E46-94F2-29E77162608F}.Debug|Any CPU.Build.0 = Debug|Any CPU
		{F906DF2C-6735-4E46-94F2-29E77162608F}.Release|Any CPU.ActiveCfg = Release|Any CPU
		{F906DF2C-6735-4E46-94F2-29E77162608F}.Release|Any CPU.Build.0 = Release|Any CPU
		{D3AD60AC-58B4-4DF6-A300-718544D7C1A3}.Debug|Any CPU.ActiveCfg = Debug|Any CPU
		{D3AD60AC-58B4-4DF6-A300-718544D7C1A3}.Debug|Any CPU.Build.0 = Debug|Any CPU
		{D3AD60AC-58B4-4DF6-A300-718544D7C1A3}.Release|Any CPU.ActiveCfg = Release|Any CPU
		{D3AD60AC-58B4-4DF6-A300-718544D7C1A3}.Release|Any CPU.Build.0 = Release|Any CPU
		{B1AF7254-48DB-4E75-828E-69FF3297606A}.Debug|Any CPU.ActiveCfg = Debug
		{B1AF7254-48DB-4E75-828E-69FF3297606A}.Release|Any CPU.ActiveCfg = Release
	EndGlobalSection
	GlobalSection(SolutionProperties) = preSolution
		HideSolutionNode = FALSE
	EndGlobalSection
	GlobalSection(ExtensibilityGlobals) = postSolution
		SolutionGuid = {C63E81BB-7085-41A1-8017-94004B00B432}
	EndGlobalSection
EndGlobal
